
Microsoft Visual Studio Solution File, Format Version 12.00
# Visual Studio 15
VisualStudioVersion = 15.0.28218.60
MinimumVisualStudioVersion = 10.0.40219.1
Project("{FAE04EC0-301F-11D3-BF4B-00C04F79EFBC}") = "SmartContract", "SmartContract.csproj", "{80D58C12-0893-429B-A74A-A531A2FD8FB7}"
EndProject
Global
	GlobalSection(SolutionConfigurationPlatforms) = preSolution
		Debug|Any CPU = Debug|Any CPU
		Release|Any CPU = Release|Any CPU
	EndGlobalSection
	GlobalSection(ProjectConfigurationPlatforms) = postSolution
		{80D58C12-0893-429B-A74A-A531A2FD8FB7}.Debug|Any CPU.ActiveCfg = Debug|Any CPU
		{80D58C12-0893-429B-A74A-A531A2FD8FB7}.Debug|Any CPU.Build.0 = Debug|Any CPU
		{80D58C12-0893-429B-A74A-A531A2FD8FB7}.Release|Any CPU.ActiveCfg = Release|Any CPU
		{80D58C12-0893-429B-A74A-A531A2FD8FB7}.Release|Any CPU.Build.0 = Release|Any CPU
	EndGlobalSection
	GlobalSection(SolutionProperties) = preSolution
		HideSolutionNode = FALSE
	EndGlobalSection
	GlobalSection(ExtensibilityGlobals) = postSolution
		SolutionGuid = {67414979-0E8A-42CC-A39C-6CA4B060751D}
	EndGlobalSection
EndGlobal
